// !$*UTF8*$!
{
	archiveVersion = 1;
	classes = {
	};
	objectVersion = 50;
	objects = {

/* Begin PBXBuildFile section */
		010F8AA721A845E500D682F9 /* IntroViewController.swift in Sources */ = {isa = PBXBuildFile; fileRef = 010F8AA621A845E500D682F9 /* IntroViewController.swift */; };
		010F8AAC21A852B800D682F9 /* Intro.storyboard in Resources */ = {isa = PBXBuildFile; fileRef = 010F8AAB21A852B800D682F9 /* Intro.storyboard */; };
		010F8AAF21A8531D00D682F9 /* IntroCoordinator.swift in Sources */ = {isa = PBXBuildFile; fileRef = 010F8AAE21A8531D00D682F9 /* IntroCoordinator.swift */; };
		010F8AB221A8538600D682F9 /* IntroViewModel.swift in Sources */ = {isa = PBXBuildFile; fileRef = 010F8AB121A8538600D682F9 /* IntroViewModel.swift */; };
		016E84E021A3F844001E69A3 /* UITextField.swift in Sources */ = {isa = PBXBuildFile; fileRef = 016E84DF21A3F843001E69A3 /* UITextField.swift */; };
		016E84E321A51104001E69A3 /* LoginCoordinator.swift in Sources */ = {isa = PBXBuildFile; fileRef = 016E84E221A51104001E69A3 /* LoginCoordinator.swift */; };
		016E84E621A51277001E69A3 /* LoginViewModel.swift in Sources */ = {isa = PBXBuildFile; fileRef = 016E84E521A51277001E69A3 /* LoginViewModel.swift */; };
		01C8DE1221906E0600F0A63C /* AppDelegate.swift in Sources */ = {isa = PBXBuildFile; fileRef = 01C8DE1121906E0600F0A63C /* AppDelegate.swift */; };
		01C8DE1A21906E0600F0A63C /* FerqoIOS.xcdatamodeld in Sources */ = {isa = PBXBuildFile; fileRef = 01C8DE1821906E0600F0A63C /* FerqoIOS.xcdatamodeld */; };
		01C8DE1C21906E0700F0A63C /* Assets.xcassets in Resources */ = {isa = PBXBuildFile; fileRef = 01C8DE1B21906E0700F0A63C /* Assets.xcassets */; };
		01C8DE1F21906E0700F0A63C /* LaunchScreen.storyboard in Resources */ = {isa = PBXBuildFile; fileRef = 01C8DE1D21906E0700F0A63C /* LaunchScreen.storyboard */; };
		01C8DE2A21906E0700F0A63C /* FerqoIOSTests.swift in Sources */ = {isa = PBXBuildFile; fileRef = 01C8DE2921906E0700F0A63C /* FerqoIOSTests.swift */; };
		01C8DE3521906E0700F0A63C /* FerqoIOSUITests.swift in Sources */ = {isa = PBXBuildFile; fileRef = 01C8DE3421906E0700F0A63C /* FerqoIOSUITests.swift */; };
		01C8DE4B2190795E00F0A63C /* Splash.storyboard in Resources */ = {isa = PBXBuildFile; fileRef = 01C8DE4A2190795E00F0A63C /* Splash.storyboard */; };
		01C8DE51219079CF00F0A63C /* Login.storyboard in Resources */ = {isa = PBXBuildFile; fileRef = 01C8DE50219079CF00F0A63C /* Login.storyboard */; };
		01C8DE53219079E000F0A63C /* LoginViewController.swift in Sources */ = {isa = PBXBuildFile; fileRef = 01C8DE52219079E000F0A63C /* LoginViewController.swift */; };
		01C8DE5521907A0900F0A63C /* Config.swift in Sources */ = {isa = PBXBuildFile; fileRef = 01C8DE5421907A0900F0A63C /* Config.swift */; };
		5808A2C721A457E900883BE5 /* TabViewCollection.swift in Sources */ = {isa = PBXBuildFile; fileRef = 5808A2C621A457E900883BE5 /* TabViewCollection.swift */; };
		5808A2C921A4750E00883BE5 /* MainSlideViewController.swift in Sources */ = {isa = PBXBuildFile; fileRef = 5808A2C821A4750E00883BE5 /* MainSlideViewController.swift */; };
		5808A2CB21A5A20900883BE5 /* MainSlideViewModel.swift in Sources */ = {isa = PBXBuildFile; fileRef = 5808A2CA21A5A20900883BE5 /* MainSlideViewModel.swift */; };
		5808A2CD21A5A58600883BE5 /* UIView.swift in Sources */ = {isa = PBXBuildFile; fileRef = 5808A2CC21A5A58600883BE5 /* UIView.swift */; };
		581ACBFB21B43E0F000BA23E /* MainSlideDataType.swift in Sources */ = {isa = PBXBuildFile; fileRef = 581ACBFA21B43E0F000BA23E /* MainSlideDataType.swift */; };
		581ACBFF21B4A48B000BA23E /* SituationButton.swift in Sources */ = {isa = PBXBuildFile; fileRef = 581ACBFE21B4A48B000BA23E /* SituationButton.swift */; };
		581ACC0621B4B5F5000BA23E /* SensorViewController.swift in Sources */ = {isa = PBXBuildFile; fileRef = 581ACC0521B4B5F5000BA23E /* SensorViewController.swift */; };
		581ACC0821B4BF5E000BA23E /* SensorViewModel.swift in Sources */ = {isa = PBXBuildFile; fileRef = 581ACC0721B4BF5E000BA23E /* SensorViewModel.swift */; };
		581ACC0B21B4C64C000BA23E /* SensorViewCell.swift in Sources */ = {isa = PBXBuildFile; fileRef = 581ACC0A21B4C64C000BA23E /* SensorViewCell.swift */; };
		5833BFF521BC49A1008AF3F1 /* CameraControWithInterPhonelViewModel.swift in Sources */ = {isa = PBXBuildFile; fileRef = 5833BFF421BC49A1008AF3F1 /* CameraControWithInterPhonelViewModel.swift */; };
		5833BFF721BCB777008AF3F1 /* CameraListViewController.swift in Sources */ = {isa = PBXBuildFile; fileRef = 5833BFF621BCB777008AF3F1 /* CameraListViewController.swift */; };
		5833BFF921BCBDC2008AF3F1 /* CameraCell.swift in Sources */ = {isa = PBXBuildFile; fileRef = 5833BFF821BCBDC2008AF3F1 /* CameraCell.swift */; };
		5833BFFB21BCC008008AF3F1 /* UICollectionViewCell.swift in Sources */ = {isa = PBXBuildFile; fileRef = 5833BFFA21BCC008008AF3F1 /* UICollectionViewCell.swift */; };
		5833BFFD21BD40F0008AF3F1 /* CameraListViewModel.swift in Sources */ = {isa = PBXBuildFile; fileRef = 5833BFFC21BD40F0008AF3F1 /* CameraListViewModel.swift */; };
		5846E95421B94E12005EACB9 /* SensorViewDataType.swift in Sources */ = {isa = PBXBuildFile; fileRef = 5846E95321B94E12005EACB9 /* SensorViewDataType.swift */; };
		5846E95621BBB823005EACB9 /* InterphoneViewController.swift in Sources */ = {isa = PBXBuildFile; fileRef = 5846E95521BBB823005EACB9 /* InterphoneViewController.swift */; };
		5846E95821BBB9E1005EACB9 /* InterPhoneCell.swift in Sources */ = {isa = PBXBuildFile; fileRef = 5846E95721BBB9E1005EACB9 /* InterPhoneCell.swift */; };
		5846E95A21BBBCCB005EACB9 /* UITableViewCell.swift in Sources */ = {isa = PBXBuildFile; fileRef = 5846E95921BBBCCB005EACB9 /* UITableViewCell.swift */; };
		5846E95C21BBBE6C005EACB9 /* InterPhoneModel.swift in Sources */ = {isa = PBXBuildFile; fileRef = 5846E95B21BBBE6C005EACB9 /* InterPhoneModel.swift */; };
		5846E95E21BBD559005EACB9 /* InterPhoneType.swift in Sources */ = {isa = PBXBuildFile; fileRef = 5846E95D21BBD559005EACB9 /* InterPhoneType.swift */; };
		5846E96021BC248C005EACB9 /* CameraControlViewController.swift in Sources */ = {isa = PBXBuildFile; fileRef = 5846E95F21BC248C005EACB9 /* CameraControlViewController.swift */; };
		5846E96321BC265D005EACB9 /* CameraViews.swift in Sources */ = {isa = PBXBuildFile; fileRef = 5846E96221BC265D005EACB9 /* CameraViews.swift */; };
		58539D6E21B1C119004596B1 /* CurtainDeviceController.swift in Sources */ = {isa = PBXBuildFile; fileRef = 58539D6D21B1C119004596B1 /* CurtainDeviceController.swift */; };
		58539D7221B1CE97004596B1 /* LightDeviceController.swift in Sources */ = {isa = PBXBuildFile; fileRef = 58539D7121B1CE97004596B1 /* LightDeviceController.swift */; };
		58539D7421B1D1C9004596B1 /* AirconditionDeviceController.swift in Sources */ = {isa = PBXBuildFile; fileRef = 58539D7321B1D1C9004596B1 /* AirconditionDeviceController.swift */; };
		589705E4219DB41A005609E2 /* Coordinator.swift in Sources */ = {isa = PBXBuildFile; fileRef = 589705E3219DB41A005609E2 /* Coordinator.swift */; };
		589705E6219DB4A4005609E2 /* AppCoordinator.swift in Sources */ = {isa = PBXBuildFile; fileRef = 589705E5219DB4A4005609E2 /* AppCoordinator.swift */; };
		589705E9219DB718005609E2 /* SplashCoordinator.swift in Sources */ = {isa = PBXBuildFile; fileRef = 589705E8219DB718005609E2 /* SplashCoordinator.swift */; };
		589705EC219DB886005609E2 /* SplashViewController.swift in Sources */ = {isa = PBXBuildFile; fileRef = 589705EB219DB886005609E2 /* SplashViewController.swift */; };
		589705F6219DDCE3005609E2 /* Main.storyboard in Resources */ = {isa = PBXBuildFile; fileRef = 589705F5219DDCE3005609E2 /* Main.storyboard */; };
		589705F8219DDD4E005609E2 /* MainCoordinator.swift in Sources */ = {isa = PBXBuildFile; fileRef = 589705F7219DDD4E005609E2 /* MainCoordinator.swift */; };
		589705FA219DEB51005609E2 /* SplashViewModel.swift in Sources */ = {isa = PBXBuildFile; fileRef = 589705F9219DEB51005609E2 /* SplashViewModel.swift */; };
		589705FE219F25C0005609E2 /* MainViewController.swift in Sources */ = {isa = PBXBuildFile; fileRef = 589705FD219F25C0005609E2 /* MainViewController.swift */; };
		58970600219F2667005609E2 /* MainViewModel.swift in Sources */ = {isa = PBXBuildFile; fileRef = 589705FF219F2667005609E2 /* MainViewModel.swift */; };
		58970606219F2EAA005609E2 /* MenuTableViewController.swift in Sources */ = {isa = PBXBuildFile; fileRef = 58970605219F2EAA005609E2 /* MenuTableViewController.swift */; };
		58970608219F382E005609E2 /* MenuItem.xib in Resources */ = {isa = PBXBuildFile; fileRef = 58970607219F382E005609E2 /* MenuItem.xib */; };
		5897060B219F48C1005609E2 /* Nib.swift in Sources */ = {isa = PBXBuildFile; fileRef = 5897060A219F48C1005609E2 /* Nib.swift */; };
		5897060D219F5646005609E2 /* MenuTableViewModel.swift in Sources */ = {isa = PBXBuildFile; fileRef = 5897060C219F5646005609E2 /* MenuTableViewModel.swift */; };
		58970610219F6491005609E2 /* MenuDataType.swift in Sources */ = {isa = PBXBuildFile; fileRef = 5897060F219F6491005609E2 /* MenuDataType.swift */; };
		5897061221A0A23C005609E2 /* MainDataType.swift in Sources */ = {isa = PBXBuildFile; fileRef = 5897061121A0A23C005609E2 /* MainDataType.swift */; };
		58F28A3B21AD8C470034BA60 /* SectionViews.xib in Resources */ = {isa = PBXBuildFile; fileRef = 58F28A3A21AD8C470034BA60 /* SectionViews.xib */; };
		58F28A3D21AD8E2B0034BA60 /* SectionViews.swift in Sources */ = {isa = PBXBuildFile; fileRef = 58F28A3C21AD8E2B0034BA60 /* SectionViews.swift */; };
		58F28A4821AEEB910034BA60 /* ProjectorDeviceController.swift in Sources */ = {isa = PBXBuildFile; fileRef = 58F28A4721AEEB910034BA60 /* ProjectorDeviceController.swift */; };
		58F28A4A21AF0DAF0034BA60 /* UIButton.swift in Sources */ = {isa = PBXBuildFile; fileRef = 58F28A4921AF0DAF0034BA60 /* UIButton.swift */; };
		58F28A4C21AF1B180034BA60 /* ShadowRectButton.swift in Sources */ = {isa = PBXBuildFile; fileRef = 58F28A4B21AF1B180034BA60 /* ShadowRectButton.swift */; };
		58F28A4E21B025090034BA60 /* TVDeviceController.swift in Sources */ = {isa = PBXBuildFile; fileRef = 58F28A4D21B025090034BA60 /* TVDeviceController.swift */; };
		58F28A5021B02CD70034BA60 /* UIImage.swift in Sources */ = {isa = PBXBuildFile; fileRef = 58F28A4F21B02CD70034BA60 /* UIImage.swift */; };
		58F28A5221B042C40034BA60 /* ControlSlider.swift in Sources */ = {isa = PBXBuildFile; fileRef = 58F28A5121B042C40034BA60 /* ControlSlider.swift */; };
		58F28A5521B054220034BA60 /* ShaderView.swift in Sources */ = {isa = PBXBuildFile; fileRef = 58F28A5421B054220034BA60 /* ShaderView.swift */; };
		58F28A5721B059900034BA60 /* DeviceControllerViews.swift in Sources */ = {isa = PBXBuildFile; fileRef = 58F28A5621B059900034BA60 /* DeviceControllerViews.swift */; };
		C6AE8A1389028EC066213204 /* Pods_FerqoIOSUITests.framework in Frameworks */ = {isa = PBXBuildFile; fileRef = C2954E74C92E7C9CA601B535 /* Pods_FerqoIOSUITests.framework */; };
		E1B2BCCD826873E3A0A51128 /* Pods_FerqoIOSTests.framework in Frameworks */ = {isa = PBXBuildFile; fileRef = 9CD622A6EEE818810F80E76A /* Pods_FerqoIOSTests.framework */; };
		EBCC395C06144A7046F7550A /* Pods_FerqoIOS.framework in Frameworks */ = {isa = PBXBuildFile; fileRef = 89CA15082ACDB3C6C7FDEBAB /* Pods_FerqoIOS.framework */; };
/* End PBXBuildFile section */

/* Begin PBXContainerItemProxy section */
		01C8DE2621906E0700F0A63C /* PBXContainerItemProxy */ = {
			isa = PBXContainerItemProxy;
			containerPortal = 01C8DE0621906E0600F0A63C /* Project object */;
			proxyType = 1;
			remoteGlobalIDString = 01C8DE0D21906E0600F0A63C;
			remoteInfo = FerqoIOS;
		};
		01C8DE3121906E0700F0A63C /* PBXContainerItemProxy */ = {
			isa = PBXContainerItemProxy;
			containerPortal = 01C8DE0621906E0600F0A63C /* Project object */;
			proxyType = 1;
			remoteGlobalIDString = 01C8DE0D21906E0600F0A63C;
			remoteInfo = FerqoIOS;
		};
/* End PBXContainerItemProxy section */

/* Begin PBXFileReference section */
		010F8AA621A845E500D682F9 /* IntroViewController.swift */ = {isa = PBXFileReference; lastKnownFileType = sourcecode.swift; path = IntroViewController.swift; sourceTree = "<group>"; };
		010F8AAB21A852B800D682F9 /* Intro.storyboard */ = {isa = PBXFileReference; lastKnownFileType = file.storyboard; path = Intro.storyboard; sourceTree = "<group>"; };
		010F8AAE21A8531D00D682F9 /* IntroCoordinator.swift */ = {isa = PBXFileReference; lastKnownFileType = sourcecode.swift; path = IntroCoordinator.swift; sourceTree = "<group>"; };
		010F8AB121A8538600D682F9 /* IntroViewModel.swift */ = {isa = PBXFileReference; lastKnownFileType = sourcecode.swift; path = IntroViewModel.swift; sourceTree = "<group>"; };
		016E84DF21A3F843001E69A3 /* UITextField.swift */ = {isa = PBXFileReference; lastKnownFileType = sourcecode.swift; path = UITextField.swift; sourceTree = "<group>"; };
		016E84E221A51104001E69A3 /* LoginCoordinator.swift */ = {isa = PBXFileReference; lastKnownFileType = sourcecode.swift; path = LoginCoordinator.swift; sourceTree = "<group>"; };
		016E84E521A51277001E69A3 /* LoginViewModel.swift */ = {isa = PBXFileReference; lastKnownFileType = sourcecode.swift; path = LoginViewModel.swift; sourceTree = "<group>"; };
		01C8DE0E21906E0600F0A63C /* FerqoIOS.app */ = {isa = PBXFileReference; explicitFileType = wrapper.application; includeInIndex = 0; path = FerqoIOS.app; sourceTree = BUILT_PRODUCTS_DIR; };
		01C8DE1121906E0600F0A63C /* AppDelegate.swift */ = {isa = PBXFileReference; lastKnownFileType = sourcecode.swift; path = AppDelegate.swift; sourceTree = "<group>"; };
		01C8DE1921906E0600F0A63C /* FerqoIOS.xcdatamodel */ = {isa = PBXFileReference; lastKnownFileType = wrapper.xcdatamodel; path = FerqoIOS.xcdatamodel; sourceTree = "<group>"; };
		01C8DE1B21906E0700F0A63C /* Assets.xcassets */ = {isa = PBXFileReference; lastKnownFileType = folder.assetcatalog; path = Assets.xcassets; sourceTree = "<group>"; };
		01C8DE1E21906E0700F0A63C /* Base */ = {isa = PBXFileReference; lastKnownFileType = file.storyboard; name = Base; path = Base.lproj/LaunchScreen.storyboard; sourceTree = "<group>"; };
		01C8DE2021906E0700F0A63C /* Info.plist */ = {isa = PBXFileReference; lastKnownFileType = text.plist.xml; path = Info.plist; sourceTree = "<group>"; };
		01C8DE2521906E0700F0A63C /* FerqoIOSTests.xctest */ = {isa = PBXFileReference; explicitFileType = wrapper.cfbundle; includeInIndex = 0; path = FerqoIOSTests.xctest; sourceTree = BUILT_PRODUCTS_DIR; };
		01C8DE2921906E0700F0A63C /* FerqoIOSTests.swift */ = {isa = PBXFileReference; lastKnownFileType = sourcecode.swift; path = FerqoIOSTests.swift; sourceTree = "<group>"; };
		01C8DE2B21906E0700F0A63C /* Info.plist */ = {isa = PBXFileReference; lastKnownFileType = text.plist.xml; path = Info.plist; sourceTree = "<group>"; };
		01C8DE3021906E0700F0A63C /* FerqoIOSUITests.xctest */ = {isa = PBXFileReference; explicitFileType = wrapper.cfbundle; includeInIndex = 0; path = FerqoIOSUITests.xctest; sourceTree = BUILT_PRODUCTS_DIR; };
		01C8DE3421906E0700F0A63C /* FerqoIOSUITests.swift */ = {isa = PBXFileReference; lastKnownFileType = sourcecode.swift; path = FerqoIOSUITests.swift; sourceTree = "<group>"; };
		01C8DE3621906E0700F0A63C /* Info.plist */ = {isa = PBXFileReference; lastKnownFileType = text.plist.xml; path = Info.plist; sourceTree = "<group>"; };
		01C8DE4A2190795E00F0A63C /* Splash.storyboard */ = {isa = PBXFileReference; lastKnownFileType = file.storyboard; path = Splash.storyboard; sourceTree = "<group>"; };
		01C8DE50219079CF00F0A63C /* Login.storyboard */ = {isa = PBXFileReference; lastKnownFileType = file.storyboard; path = Login.storyboard; sourceTree = "<group>"; };
		01C8DE52219079E000F0A63C /* LoginViewController.swift */ = {isa = PBXFileReference; lastKnownFileType = sourcecode.swift; path = LoginViewController.swift; sourceTree = "<group>"; };
		01C8DE5421907A0900F0A63C /* Config.swift */ = {isa = PBXFileReference; lastKnownFileType = sourcecode.swift; path = Config.swift; sourceTree = "<group>"; };
		181FC9C93405E9F8BDC3CCCB /* Pods-FerqoIOS.debug.xcconfig */ = {isa = PBXFileReference; includeInIndex = 1; lastKnownFileType = text.xcconfig; name = "Pods-FerqoIOS.debug.xcconfig"; path = "Pods/Target Support Files/Pods-FerqoIOS/Pods-FerqoIOS.debug.xcconfig"; sourceTree = "<group>"; };
		35BD7F6F2B22D321251106E3 /* Pods-FerqoIOS.release.xcconfig */ = {isa = PBXFileReference; includeInIndex = 1; lastKnownFileType = text.xcconfig; name = "Pods-FerqoIOS.release.xcconfig"; path = "Pods/Target Support Files/Pods-FerqoIOS/Pods-FerqoIOS.release.xcconfig"; sourceTree = "<group>"; };
		5808A2C621A457E900883BE5 /* TabViewCollection.swift */ = {isa = PBXFileReference; lastKnownFileType = sourcecode.swift; path = TabViewCollection.swift; sourceTree = "<group>"; };
		5808A2C821A4750E00883BE5 /* MainSlideViewController.swift */ = {isa = PBXFileReference; lastKnownFileType = sourcecode.swift; path = MainSlideViewController.swift; sourceTree = "<group>"; };
		5808A2CA21A5A20900883BE5 /* MainSlideViewModel.swift */ = {isa = PBXFileReference; lastKnownFileType = sourcecode.swift; path = MainSlideViewModel.swift; sourceTree = "<group>"; };
		5808A2CC21A5A58600883BE5 /* UIView.swift */ = {isa = PBXFileReference; lastKnownFileType = sourcecode.swift; path = UIView.swift; sourceTree = "<group>"; };
		581ACBFA21B43E0F000BA23E /* MainSlideDataType.swift */ = {isa = PBXFileReference; lastKnownFileType = sourcecode.swift; path = MainSlideDataType.swift; sourceTree = "<group>"; };
		581ACBFE21B4A48B000BA23E /* SituationButton.swift */ = {isa = PBXFileReference; lastKnownFileType = sourcecode.swift; path = SituationButton.swift; sourceTree = "<group>"; };
		581ACC0521B4B5F5000BA23E /* SensorViewController.swift */ = {isa = PBXFileReference; lastKnownFileType = sourcecode.swift; path = SensorViewController.swift; sourceTree = "<group>"; };
		581ACC0721B4BF5E000BA23E /* SensorViewModel.swift */ = {isa = PBXFileReference; lastKnownFileType = sourcecode.swift; path = SensorViewModel.swift; sourceTree = "<group>"; };
		581ACC0A21B4C64C000BA23E /* SensorViewCell.swift */ = {isa = PBXFileReference; lastKnownFileType = sourcecode.swift; path = SensorViewCell.swift; sourceTree = "<group>"; };
		5833BFF421BC49A1008AF3F1 /* CameraControWithInterPhonelViewModel.swift */ = {isa = PBXFileReference; lastKnownFileType = sourcecode.swift; path = CameraControWithInterPhonelViewModel.swift; sourceTree = "<group>"; };
		5833BFF621BCB777008AF3F1 /* CameraListViewController.swift */ = {isa = PBXFileReference; lastKnownFileType = sourcecode.swift; path = CameraListViewController.swift; sourceTree = "<group>"; };
		5833BFF821BCBDC2008AF3F1 /* CameraCell.swift */ = {isa = PBXFileReference; lastKnownFileType = sourcecode.swift; path = CameraCell.swift; sourceTree = "<group>"; };
		5833BFFA21BCC008008AF3F1 /* UICollectionViewCell.swift */ = {isa = PBXFileReference; lastKnownFileType = sourcecode.swift; path = UICollectionViewCell.swift; sourceTree = "<group>"; };
		5833BFFC21BD40F0008AF3F1 /* CameraListViewModel.swift */ = {isa = PBXFileReference; lastKnownFileType = sourcecode.swift; path = CameraListViewModel.swift; sourceTree = "<group>"; };
		5846E95321B94E12005EACB9 /* SensorViewDataType.swift */ = {isa = PBXFileReference; lastKnownFileType = sourcecode.swift; path = SensorViewDataType.swift; sourceTree = "<group>"; };
		5846E95521BBB823005EACB9 /* InterphoneViewController.swift */ = {isa = PBXFileReference; lastKnownFileType = sourcecode.swift; path = InterphoneViewController.swift; sourceTree = "<group>"; };
		5846E95721BBB9E1005EACB9 /* InterPhoneCell.swift */ = {isa = PBXFileReference; lastKnownFileType = sourcecode.swift; path = InterPhoneCell.swift; sourceTree = "<group>"; };
		5846E95921BBBCCB005EACB9 /* UITableViewCell.swift */ = {isa = PBXFileReference; lastKnownFileType = sourcecode.swift; path = UITableViewCell.swift; sourceTree = "<group>"; };
		5846E95B21BBBE6C005EACB9 /* InterPhoneModel.swift */ = {isa = PBXFileReference; lastKnownFileType = sourcecode.swift; path = InterPhoneModel.swift; sourceTree = "<group>"; };
		5846E95D21BBD559005EACB9 /* InterPhoneType.swift */ = {isa = PBXFileReference; lastKnownFileType = sourcecode.swift; path = InterPhoneType.swift; sourceTree = "<group>"; };
		5846E95F21BC248C005EACB9 /* CameraControlViewController.swift */ = {isa = PBXFileReference; lastKnownFileType = sourcecode.swift; path = CameraControlViewController.swift; sourceTree = "<group>"; };
		5846E96221BC265D005EACB9 /* CameraViews.swift */ = {isa = PBXFileReference; lastKnownFileType = sourcecode.swift; path = CameraViews.swift; sourceTree = "<group>"; };
		58539D6D21B1C119004596B1 /* CurtainDeviceController.swift */ = {isa = PBXFileReference; lastKnownFileType = sourcecode.swift; path = CurtainDeviceController.swift; sourceTree = "<group>"; };
		58539D7121B1CE97004596B1 /* LightDeviceController.swift */ = {isa = PBXFileReference; lastKnownFileType = sourcecode.swift; path = LightDeviceController.swift; sourceTree = "<group>"; };
		58539D7321B1D1C9004596B1 /* AirconditionDeviceController.swift */ = {isa = PBXFileReference; lastKnownFileType = sourcecode.swift; path = AirconditionDeviceController.swift; sourceTree = "<group>"; };
		589705E3219DB41A005609E2 /* Coordinator.swift */ = {isa = PBXFileReference; lastKnownFileType = sourcecode.swift; path = Coordinator.swift; sourceTree = "<group>"; };
		589705E5219DB4A4005609E2 /* AppCoordinator.swift */ = {isa = PBXFileReference; lastKnownFileType = sourcecode.swift; path = AppCoordinator.swift; sourceTree = "<group>"; };
		589705E8219DB718005609E2 /* SplashCoordinator.swift */ = {isa = PBXFileReference; lastKnownFileType = sourcecode.swift; path = SplashCoordinator.swift; sourceTree = "<group>"; };
		589705EB219DB886005609E2 /* SplashViewController.swift */ = {isa = PBXFileReference; lastKnownFileType = sourcecode.swift; path = SplashViewController.swift; sourceTree = "<group>"; };
		589705F5219DDCE3005609E2 /* Main.storyboard */ = {isa = PBXFileReference; lastKnownFileType = file.storyboard; path = Main.storyboard; sourceTree = "<group>"; };
		589705F7219DDD4E005609E2 /* MainCoordinator.swift */ = {isa = PBXFileReference; lastKnownFileType = sourcecode.swift; path = MainCoordinator.swift; sourceTree = "<group>"; };
		589705F9219DEB51005609E2 /* SplashViewModel.swift */ = {isa = PBXFileReference; lastKnownFileType = sourcecode.swift; path = SplashViewModel.swift; sourceTree = "<group>"; };
		589705FD219F25C0005609E2 /* MainViewController.swift */ = {isa = PBXFileReference; lastKnownFileType = sourcecode.swift; path = MainViewController.swift; sourceTree = "<group>"; };
		589705FF219F2667005609E2 /* MainViewModel.swift */ = {isa = PBXFileReference; lastKnownFileType = sourcecode.swift; path = MainViewModel.swift; sourceTree = "<group>"; };
		58970605219F2EAA005609E2 /* MenuTableViewController.swift */ = {isa = PBXFileReference; lastKnownFileType = sourcecode.swift; path = MenuTableViewController.swift; sourceTree = "<group>"; };
		58970607219F382E005609E2 /* MenuItem.xib */ = {isa = PBXFileReference; lastKnownFileType = file.xib; path = MenuItem.xib; sourceTree = "<group>"; };
		5897060A219F48C1005609E2 /* Nib.swift */ = {isa = PBXFileReference; lastKnownFileType = sourcecode.swift; path = Nib.swift; sourceTree = "<group>"; };
		5897060C219F5646005609E2 /* MenuTableViewModel.swift */ = {isa = PBXFileReference; lastKnownFileType = sourcecode.swift; path = MenuTableViewModel.swift; sourceTree = "<group>"; };
		5897060F219F6491005609E2 /* MenuDataType.swift */ = {isa = PBXFileReference; lastKnownFileType = sourcecode.swift; path = MenuDataType.swift; sourceTree = "<group>"; };
		5897061121A0A23C005609E2 /* MainDataType.swift */ = {isa = PBXFileReference; lastKnownFileType = sourcecode.swift; path = MainDataType.swift; sourceTree = "<group>"; };
		58F28A3A21AD8C470034BA60 /* SectionViews.xib */ = {isa = PBXFileReference; lastKnownFileType = file.xib; path = SectionViews.xib; sourceTree = "<group>"; };
		58F28A3C21AD8E2B0034BA60 /* SectionViews.swift */ = {isa = PBXFileReference; lastKnownFileType = sourcecode.swift; path = SectionViews.swift; sourceTree = "<group>"; };
		58F28A4721AEEB910034BA60 /* ProjectorDeviceController.swift */ = {isa = PBXFileReference; lastKnownFileType = sourcecode.swift; path = ProjectorDeviceController.swift; sourceTree = "<group>"; };
		58F28A4921AF0DAF0034BA60 /* UIButton.swift */ = {isa = PBXFileReference; lastKnownFileType = sourcecode.swift; path = UIButton.swift; sourceTree = "<group>"; };
		58F28A4B21AF1B180034BA60 /* ShadowRectButton.swift */ = {isa = PBXFileReference; lastKnownFileType = sourcecode.swift; path = ShadowRectButton.swift; sourceTree = "<group>"; };
		58F28A4D21B025090034BA60 /* TVDeviceController.swift */ = {isa = PBXFileReference; lastKnownFileType = sourcecode.swift; path = TVDeviceController.swift; sourceTree = "<group>"; };
		58F28A4F21B02CD70034BA60 /* UIImage.swift */ = {isa = PBXFileReference; lastKnownFileType = sourcecode.swift; path = UIImage.swift; sourceTree = "<group>"; };
		58F28A5121B042C40034BA60 /* ControlSlider.swift */ = {isa = PBXFileReference; lastKnownFileType = sourcecode.swift; path = ControlSlider.swift; sourceTree = "<group>"; };
		58F28A5421B054220034BA60 /* ShaderView.swift */ = {isa = PBXFileReference; lastKnownFileType = sourcecode.swift; path = ShaderView.swift; sourceTree = "<group>"; };
		58F28A5621B059900034BA60 /* DeviceControllerViews.swift */ = {isa = PBXFileReference; lastKnownFileType = sourcecode.swift; path = DeviceControllerViews.swift; sourceTree = "<group>"; };
		65CCA47944CA27532274EB65 /* Pods-FerqoIOSTests.debug.xcconfig */ = {isa = PBXFileReference; includeInIndex = 1; lastKnownFileType = text.xcconfig; name = "Pods-FerqoIOSTests.debug.xcconfig"; path = "Pods/Target Support Files/Pods-FerqoIOSTests/Pods-FerqoIOSTests.debug.xcconfig"; sourceTree = "<group>"; };
		89CA15082ACDB3C6C7FDEBAB /* Pods_FerqoIOS.framework */ = {isa = PBXFileReference; explicitFileType = wrapper.framework; includeInIndex = 0; path = Pods_FerqoIOS.framework; sourceTree = BUILT_PRODUCTS_DIR; };
		9CD622A6EEE818810F80E76A /* Pods_FerqoIOSTests.framework */ = {isa = PBXFileReference; explicitFileType = wrapper.framework; includeInIndex = 0; path = Pods_FerqoIOSTests.framework; sourceTree = BUILT_PRODUCTS_DIR; };
		A688F5140BE307762E131F6A /* Pods-FerqoIOSUITests.release.xcconfig */ = {isa = PBXFileReference; includeInIndex = 1; lastKnownFileType = text.xcconfig; name = "Pods-FerqoIOSUITests.release.xcconfig"; path = "Pods/Target Support Files/Pods-FerqoIOSUITests/Pods-FerqoIOSUITests.release.xcconfig"; sourceTree = "<group>"; };
		C2954E74C92E7C9CA601B535 /* Pods_FerqoIOSUITests.framework */ = {isa = PBXFileReference; explicitFileType = wrapper.framework; includeInIndex = 0; path = Pods_FerqoIOSUITests.framework; sourceTree = BUILT_PRODUCTS_DIR; };
		D5B3C332986B62B53AE9AD92 /* Pods-FerqoIOSUITests.debug.xcconfig */ = {isa = PBXFileReference; includeInIndex = 1; lastKnownFileType = text.xcconfig; name = "Pods-FerqoIOSUITests.debug.xcconfig"; path = "Pods/Target Support Files/Pods-FerqoIOSUITests/Pods-FerqoIOSUITests.debug.xcconfig"; sourceTree = "<group>"; };
		E2A24088EE9A635F57E4C348 /* Pods-FerqoIOSTests.release.xcconfig */ = {isa = PBXFileReference; includeInIndex = 1; lastKnownFileType = text.xcconfig; name = "Pods-FerqoIOSTests.release.xcconfig"; path = "Pods/Target Support Files/Pods-FerqoIOSTests/Pods-FerqoIOSTests.release.xcconfig"; sourceTree = "<group>"; };
/* End PBXFileReference section */

/* Begin PBXFrameworksBuildPhase section */
		01C8DE0B21906E0600F0A63C /* Frameworks */ = {
			isa = PBXFrameworksBuildPhase;
			buildActionMask = 2147483647;
			files = (
				EBCC395C06144A7046F7550A /* Pods_FerqoIOS.framework in Frameworks */,
			);
			runOnlyForDeploymentPostprocessing = 0;
		};
		01C8DE2221906E0700F0A63C /* Frameworks */ = {
			isa = PBXFrameworksBuildPhase;
			buildActionMask = 2147483647;
			files = (
				E1B2BCCD826873E3A0A51128 /* Pods_FerqoIOSTests.framework in Frameworks */,
			);
			runOnlyForDeploymentPostprocessing = 0;
		};
		01C8DE2D21906E0700F0A63C /* Frameworks */ = {
			isa = PBXFrameworksBuildPhase;
			buildActionMask = 2147483647;
			files = (
				C6AE8A1389028EC066213204 /* Pods_FerqoIOSUITests.framework in Frameworks */,
			);
			runOnlyForDeploymentPostprocessing = 0;
		};
/* End PBXFrameworksBuildPhase section */

/* Begin PBXGroup section */
		010F8AA821A8470C00D682F9 /* Intro */ = {
			isa = PBXGroup;
			children = (
				010F8AAB21A852B800D682F9 /* Intro.storyboard */,
				010F8AAE21A8531D00D682F9 /* IntroCoordinator.swift */,
				010F8AAD21A852E100D682F9 /* viewControllers */,
				010F8AB021A8536200D682F9 /* viewModel */,
			);
			path = Intro;
			sourceTree = "<group>";
		};
		010F8AAD21A852E100D682F9 /* viewControllers */ = {
			isa = PBXGroup;
			children = (
				010F8AA621A845E500D682F9 /* IntroViewController.swift */,
			);
			path = viewControllers;
			sourceTree = "<group>";
		};
		010F8AB021A8536200D682F9 /* viewModel */ = {
			isa = PBXGroup;
			children = (
				010F8AB121A8538600D682F9 /* IntroViewModel.swift */,
			);
			path = viewModel;
			sourceTree = "<group>";
		};
		016E84DE21A3F821001E69A3 /* Extension */ = {
			isa = PBXGroup;
			children = (
				5897060A219F48C1005609E2 /* Nib.swift */,
				5808A2CC21A5A58600883BE5 /* UIView.swift */,
				016E84DF21A3F843001E69A3 /* UITextField.swift */,
				58F28A4921AF0DAF0034BA60 /* UIButton.swift */,
				58F28A4F21B02CD70034BA60 /* UIImage.swift */,
				5846E95921BBBCCB005EACB9 /* UITableViewCell.swift */,
				5833BFFA21BCC008008AF3F1 /* UICollectionViewCell.swift */,
			);
			path = Extension;
			sourceTree = "<group>";
		};
		016E84E121A510DB001E69A3 /* viewControllers */ = {
			isa = PBXGroup;
			children = (
				01C8DE52219079E000F0A63C /* LoginViewController.swift */,
			);
			path = viewControllers;
			sourceTree = "<group>";
		};
		016E84E421A5125A001E69A3 /* viewModel */ = {
			isa = PBXGroup;
			children = (
				016E84E521A51277001E69A3 /* LoginViewModel.swift */,
			);
			path = viewModel;
			sourceTree = "<group>";
		};
		01C8DE0521906E0600F0A63C = {
			isa = PBXGroup;
			children = (
				01C8DE1021906E0600F0A63C /* FerqoIOS */,
				01C8DE2821906E0700F0A63C /* FerqoIOSTests */,
				01C8DE3321906E0700F0A63C /* FerqoIOSUITests */,
				01C8DE0F21906E0600F0A63C /* Products */,
				2BD8F6DB1EF3E91143BB9E73 /* Pods */,
				D7406D021430173C65E3378F /* Frameworks */,
			);
			sourceTree = "<group>";
		};
		01C8DE0F21906E0600F0A63C /* Products */ = {
			isa = PBXGroup;
			children = (
				01C8DE0E21906E0600F0A63C /* FerqoIOS.app */,
				01C8DE2521906E0700F0A63C /* FerqoIOSTests.xctest */,
				01C8DE3021906E0700F0A63C /* FerqoIOSUITests.xctest */,
			);
			name = Products;
			sourceTree = "<group>";
		};
		01C8DE1021906E0600F0A63C /* FerqoIOS */ = {
			isa = PBXGroup;
			children = (
				016E84DE21A3F821001E69A3 /* Extension */,
				01C8DE5C21907ADA00F0A63C /* Resources */,
				01C8DE47219078CF00F0A63C /* Models */,
				01C8DE46219078B500F0A63C /* Scenes */,
				01C8DE452190788F00F0A63C /* Globals */,
				01C8DE432190786E00F0A63C /* Services */,
				01C8DE1121906E0600F0A63C /* AppDelegate.swift */,
				01C8DE2021906E0700F0A63C /* Info.plist */,
				01C8DE1821906E0600F0A63C /* FerqoIOS.xcdatamodeld */,
			);
			path = FerqoIOS;
			sourceTree = "<group>";
		};
		01C8DE2821906E0700F0A63C /* FerqoIOSTests */ = {
			isa = PBXGroup;
			children = (
				01C8DE2921906E0700F0A63C /* FerqoIOSTests.swift */,
				01C8DE2B21906E0700F0A63C /* Info.plist */,
			);
			path = FerqoIOSTests;
			sourceTree = "<group>";
		};
		01C8DE3321906E0700F0A63C /* FerqoIOSUITests */ = {
			isa = PBXGroup;
			children = (
				01C8DE3421906E0700F0A63C /* FerqoIOSUITests.swift */,
				01C8DE3621906E0700F0A63C /* Info.plist */,
			);
			path = FerqoIOSUITests;
			sourceTree = "<group>";
		};
		01C8DE432190786E00F0A63C /* Services */ = {
			isa = PBXGroup;
			children = (
			);
			path = Services;
			sourceTree = "<group>";
		};
		01C8DE452190788F00F0A63C /* Globals */ = {
			isa = PBXGroup;
			children = (
				01C8DE5421907A0900F0A63C /* Config.swift */,
			);
			path = Globals;
			sourceTree = "<group>";
		};
		01C8DE46219078B500F0A63C /* Scenes */ = {
			isa = PBXGroup;
			children = (
				589705E5219DB4A4005609E2 /* AppCoordinator.swift */,
				589705E3219DB41A005609E2 /* Coordinator.swift */,
				01C8DE1D21906E0700F0A63C /* LaunchScreen.storyboard */,
				010F8AA821A8470C00D682F9 /* Intro */,
				01C8DE492190793D00F0A63C /* Login */,
				589705F4219DD53F005609E2 /* Main */,
				01C8DE482190792C00F0A63C /* Splash */,
			);
			path = Scenes;
			sourceTree = "<group>";
		};
		01C8DE47219078CF00F0A63C /* Models */ = {
			isa = PBXGroup;
			children = (
			);
			path = Models;
			sourceTree = "<group>";
		};
		01C8DE482190792C00F0A63C /* Splash */ = {
			isa = PBXGroup;
			children = (
				01C8DE4A2190795E00F0A63C /* Splash.storyboard */,
				589705E8219DB718005609E2 /* SplashCoordinator.swift */,
				589705EF219DCAB5005609E2 /* ViewModel */,
				589705EA219DB868005609E2 /* ViewControllers */,
			);
			path = Splash;
			sourceTree = "<group>";
		};
		01C8DE492190793D00F0A63C /* Login */ = {
			isa = PBXGroup;
			children = (
				016E84E221A51104001E69A3 /* LoginCoordinator.swift */,
				01C8DE50219079CF00F0A63C /* Login.storyboard */,
				016E84E421A5125A001E69A3 /* viewModel */,
				016E84E121A510DB001E69A3 /* viewControllers */,
			);
			path = Login;
			sourceTree = "<group>";
		};
		01C8DE5C21907ADA00F0A63C /* Resources */ = {
			isa = PBXGroup;
			children = (
				01C8DE1B21906E0700F0A63C /* Assets.xcassets */,
			);
			path = Resources;
			sourceTree = "<group>";
		};
		2BD8F6DB1EF3E91143BB9E73 /* Pods */ = {
			isa = PBXGroup;
			children = (
				181FC9C93405E9F8BDC3CCCB /* Pods-FerqoIOS.debug.xcconfig */,
				35BD7F6F2B22D321251106E3 /* Pods-FerqoIOS.release.xcconfig */,
				65CCA47944CA27532274EB65 /* Pods-FerqoIOSTests.debug.xcconfig */,
				E2A24088EE9A635F57E4C348 /* Pods-FerqoIOSTests.release.xcconfig */,
				D5B3C332986B62B53AE9AD92 /* Pods-FerqoIOSUITests.debug.xcconfig */,
				A688F5140BE307762E131F6A /* Pods-FerqoIOSUITests.release.xcconfig */,
			);
			name = Pods;
			sourceTree = "<group>";
		};
		581ACC0921B4C603000BA23E /* Sensor */ = {
			isa = PBXGroup;
			children = (
				581ACC0A21B4C64C000BA23E /* SensorViewCell.swift */,
			);
			path = Sensor;
			sourceTree = "<group>";
		};
		589705EA219DB868005609E2 /* ViewControllers */ = {
			isa = PBXGroup;
			children = (
				589705EB219DB886005609E2 /* SplashViewController.swift */,
			);
			path = ViewControllers;
			sourceTree = "<group>";
		};
		589705EF219DCAB5005609E2 /* ViewModel */ = {
			isa = PBXGroup;
			children = (
				589705F9219DEB51005609E2 /* SplashViewModel.swift */,
			);
			path = ViewModel;
			sourceTree = "<group>";
		};
		589705F4219DD53F005609E2 /* Main */ = {
			isa = PBXGroup;
			children = (
				589705F5219DDCE3005609E2 /* Main.storyboard */,
				589705F7219DDD4E005609E2 /* MainCoordinator.swift */,
				5897060E219F646E005609E2 /* viewDatas */,
				589705FC219F2578005609E2 /* viewModel */,
				589705FB219F256C005609E2 /* viewControllers */,
				58970601219F2D63005609E2 /* view */,
			);
			path = Main;
			sourceTree = "<group>";
		};
		589705FB219F256C005609E2 /* viewControllers */ = {
			isa = PBXGroup;
			children = (
				58F28A4621AEB6B60034BA60 /* Device */,
				589705FD219F25C0005609E2 /* MainViewController.swift */,
				58970605219F2EAA005609E2 /* MenuTableViewController.swift */,
				5808A2C821A4750E00883BE5 /* MainSlideViewController.swift */,
				581ACC0521B4B5F5000BA23E /* SensorViewController.swift */,
				5846E95521BBB823005EACB9 /* InterphoneViewController.swift */,
				5846E95F21BC248C005EACB9 /* CameraControlViewController.swift */,
				5833BFF621BCB777008AF3F1 /* CameraListViewController.swift */,
			);
			path = viewControllers;
			sourceTree = "<group>";
		};
		589705FC219F2578005609E2 /* viewModel */ = {
			isa = PBXGroup;
			children = (
				589705FF219F2667005609E2 /* MainViewModel.swift */,
				5897060C219F5646005609E2 /* MenuTableViewModel.swift */,
				5808A2CA21A5A20900883BE5 /* MainSlideViewModel.swift */,
				581ACC0721B4BF5E000BA23E /* SensorViewModel.swift */,
				5846E95B21BBBE6C005EACB9 /* InterPhoneModel.swift */,
				5833BFF421BC49A1008AF3F1 /* CameraControWithInterPhonelViewModel.swift */,
				5833BFFC21BD40F0008AF3F1 /* CameraListViewModel.swift */,
			);
			path = viewModel;
			sourceTree = "<group>";
		};
		58970601219F2D63005609E2 /* view */ = {
			isa = PBXGroup;
			children = (
				581ACC0921B4C603000BA23E /* Sensor */,
				58F28A4121AE3B3A0034BA60 /* CardCell */,
				5808A2C621A457E900883BE5 /* TabViewCollection.swift */,
				58970607219F382E005609E2 /* MenuItem.xib */,
				58F28A4B21AF1B180034BA60 /* ShadowRectButton.swift */,
				58F28A5121B042C40034BA60 /* ControlSlider.swift */,
				58F28A5421B054220034BA60 /* ShaderView.swift */,
				58F28A5621B059900034BA60 /* DeviceControllerViews.swift */,
				5846E95721BBB9E1005EACB9 /* InterPhoneCell.swift */,
				5833BFF821BCBDC2008AF3F1 /* CameraCell.swift */,
				5846E96221BC265D005EACB9 /* CameraViews.swift */,
			);
			path = view;
			sourceTree = "<group>";
		};
		5897060E219F646E005609E2 /* viewDatas */ = {
			isa = PBXGroup;
			children = (
				5897060F219F6491005609E2 /* MenuDataType.swift */,
				5897061121A0A23C005609E2 /* MainDataType.swift */,
				581ACBFA21B43E0F000BA23E /* MainSlideDataType.swift */,
				5846E95321B94E12005EACB9 /* SensorViewDataType.swift */,
				5846E95D21BBD559005EACB9 /* InterPhoneType.swift */,
			);
			path = viewDatas;
			sourceTree = "<group>";
		};
		58F28A4121AE3B3A0034BA60 /* CardCell */ = {
			isa = PBXGroup;
			children = (
				58F28A3C21AD8E2B0034BA60 /* SectionViews.swift */,
				58F28A3A21AD8C470034BA60 /* SectionViews.xib */,
				581ACBFE21B4A48B000BA23E /* SituationButton.swift */,
			);
			path = CardCell;
			sourceTree = "<group>";
		};
		58F28A4621AEB6B60034BA60 /* Device */ = {
			isa = PBXGroup;
			children = (
				58F28A4721AEEB910034BA60 /* ProjectorDeviceController.swift */,
				58F28A4D21B025090034BA60 /* TVDeviceController.swift */,
				58539D6D21B1C119004596B1 /* CurtainDeviceController.swift */,
				58539D7121B1CE97004596B1 /* LightDeviceController.swift */,
				58539D7321B1D1C9004596B1 /* AirconditionDeviceController.swift */,
			);
			path = Device;
			sourceTree = "<group>";
		};
		D7406D021430173C65E3378F /* Frameworks */ = {
			isa = PBXGroup;
			children = (
				89CA15082ACDB3C6C7FDEBAB /* Pods_FerqoIOS.framework */,
				9CD622A6EEE818810F80E76A /* Pods_FerqoIOSTests.framework */,
				C2954E74C92E7C9CA601B535 /* Pods_FerqoIOSUITests.framework */,
			);
			name = Frameworks;
			sourceTree = "<group>";
		};
/* End PBXGroup section */

/* Begin PBXNativeTarget section */
		01C8DE0D21906E0600F0A63C /* FerqoIOS */ = {
			isa = PBXNativeTarget;
			buildConfigurationList = 01C8DE3921906E0700F0A63C /* Build configuration list for PBXNativeTarget "FerqoIOS" */;
			buildPhases = (
				2E07DA18FF15660407369B9F /* [CP] Check Pods Manifest.lock */,
				01C8DE0A21906E0600F0A63C /* Sources */,
				01C8DE0B21906E0600F0A63C /* Frameworks */,
				01C8DE0C21906E0600F0A63C /* Resources */,
				49DB8B563D20C9CEEA64CBD9 /* [CP] Embed Pods Frameworks */,
			);
			buildRules = (
			);
			dependencies = (
			);
			name = FerqoIOS;
			productName = FerqoIOS;
			productReference = 01C8DE0E21906E0600F0A63C /* FerqoIOS.app */;
			productType = "com.apple.product-type.application";
		};
		01C8DE2421906E0700F0A63C /* FerqoIOSTests */ = {
			isa = PBXNativeTarget;
			buildConfigurationList = 01C8DE3C21906E0700F0A63C /* Build configuration list for PBXNativeTarget "FerqoIOSTests" */;
			buildPhases = (
				CE97440B642FBB244491F1F8 /* [CP] Check Pods Manifest.lock */,
				01C8DE2121906E0700F0A63C /* Sources */,
				01C8DE2221906E0700F0A63C /* Frameworks */,
				01C8DE2321906E0700F0A63C /* Resources */,
			);
			buildRules = (
			);
			dependencies = (
				01C8DE2721906E0700F0A63C /* PBXTargetDependency */,
			);
			name = FerqoIOSTests;
			productName = FerqoIOSTests;
			productReference = 01C8DE2521906E0700F0A63C /* FerqoIOSTests.xctest */;
			productType = "com.apple.product-type.bundle.unit-test";
		};
		01C8DE2F21906E0700F0A63C /* FerqoIOSUITests */ = {
			isa = PBXNativeTarget;
			buildConfigurationList = 01C8DE3F21906E0700F0A63C /* Build configuration list for PBXNativeTarget "FerqoIOSUITests" */;
			buildPhases = (
				A37C2BEE35A42A88E877F20C /* [CP] Check Pods Manifest.lock */,
				01C8DE2C21906E0700F0A63C /* Sources */,
				01C8DE2D21906E0700F0A63C /* Frameworks */,
				01C8DE2E21906E0700F0A63C /* Resources */,
			);
			buildRules = (
			);
			dependencies = (
				01C8DE3221906E0700F0A63C /* PBXTargetDependency */,
			);
			name = FerqoIOSUITests;
			productName = FerqoIOSUITests;
			productReference = 01C8DE3021906E0700F0A63C /* FerqoIOSUITests.xctest */;
			productType = "com.apple.product-type.bundle.ui-testing";
		};
/* End PBXNativeTarget section */

/* Begin PBXProject section */
		01C8DE0621906E0600F0A63C /* Project object */ = {
			isa = PBXProject;
			attributes = {
				LastSwiftUpdateCheck = 0940;
				LastUpgradeCheck = 0940;
				ORGANIZATIONNAME = rae;
				TargetAttributes = {
					01C8DE0D21906E0600F0A63C = {
						CreatedOnToolsVersion = 9.4;
						LastSwiftMigration = 1010;
					};
					01C8DE2421906E0700F0A63C = {
						CreatedOnToolsVersion = 9.4;
						LastSwiftMigration = 1010;
						TestTargetID = 01C8DE0D21906E0600F0A63C;
					};
					01C8DE2F21906E0700F0A63C = {
						CreatedOnToolsVersion = 9.4;
						LastSwiftMigration = 1010;
						TestTargetID = 01C8DE0D21906E0600F0A63C;
					};
				};
			};
			buildConfigurationList = 01C8DE0921906E0600F0A63C /* Build configuration list for PBXProject "FerqoIOS" */;
			compatibilityVersion = "Xcode 9.3";
			developmentRegion = en;
			hasScannedForEncodings = 0;
			knownRegions = (
				en,
				Base,
			);
			mainGroup = 01C8DE0521906E0600F0A63C;
			productRefGroup = 01C8DE0F21906E0600F0A63C /* Products */;
			projectDirPath = "";
			projectRoot = "";
			targets = (
				01C8DE0D21906E0600F0A63C /* FerqoIOS */,
				01C8DE2421906E0700F0A63C /* FerqoIOSTests */,
				01C8DE2F21906E0700F0A63C /* FerqoIOSUITests */,
			);
		};
/* End PBXProject section */

/* Begin PBXResourcesBuildPhase section */
		01C8DE0C21906E0600F0A63C /* Resources */ = {
			isa = PBXResourcesBuildPhase;
			buildActionMask = 2147483647;
			files = (
				01C8DE1F21906E0700F0A63C /* LaunchScreen.storyboard in Resources */,
				589705F6219DDCE3005609E2 /* Main.storyboard in Resources */,
				58F28A3B21AD8C470034BA60 /* SectionViews.xib in Resources */,
				58970608219F382E005609E2 /* MenuItem.xib in Resources */,
				01C8DE4B2190795E00F0A63C /* Splash.storyboard in Resources */,
				01C8DE1C21906E0700F0A63C /* Assets.xcassets in Resources */,
				010F8AAC21A852B800D682F9 /* Intro.storyboard in Resources */,
				01C8DE51219079CF00F0A63C /* Login.storyboard in Resources */,
			);
			runOnlyForDeploymentPostprocessing = 0;
		};
		01C8DE2321906E0700F0A63C /* Resources */ = {
			isa = PBXResourcesBuildPhase;
			buildActionMask = 2147483647;
			files = (
			);
			runOnlyForDeploymentPostprocessing = 0;
		};
		01C8DE2E21906E0700F0A63C /* Resources */ = {
			isa = PBXResourcesBuildPhase;
			buildActionMask = 2147483647;
			files = (
			);
			runOnlyForDeploymentPostprocessing = 0;
		};
/* End PBXResourcesBuildPhase section */

/* Begin PBXShellScriptBuildPhase section */
		2E07DA18FF15660407369B9F /* [CP] Check Pods Manifest.lock */ = {
			isa = PBXShellScriptBuildPhase;
			buildActionMask = 2147483647;
			files = (
			);
			inputPaths = (
				"${PODS_PODFILE_DIR_PATH}/Podfile.lock",
				"${PODS_ROOT}/Manifest.lock",
			);
			name = "[CP] Check Pods Manifest.lock";
			outputPaths = (
				"$(DERIVED_FILE_DIR)/Pods-FerqoIOS-checkManifestLockResult.txt",
			);
			runOnlyForDeploymentPostprocessing = 0;
			shellPath = /bin/sh;
			shellScript = "diff \"${PODS_PODFILE_DIR_PATH}/Podfile.lock\" \"${PODS_ROOT}/Manifest.lock\" > /dev/null\nif [ $? != 0 ] ; then\n    # print error to STDERR\n    echo \"error: The sandbox is not in sync with the Podfile.lock. Run 'pod install' or update your CocoaPods installation.\" >&2\n    exit 1\nfi\n# This output is used by Xcode 'outputs' to avoid re-running this script phase.\necho \"SUCCESS\" > \"${SCRIPT_OUTPUT_FILE_0}\"\n";
			showEnvVarsInLog = 0;
		};
		49DB8B563D20C9CEEA64CBD9 /* [CP] Embed Pods Frameworks */ = {
			isa = PBXShellScriptBuildPhase;
			buildActionMask = 2147483647;
			files = (
			);
			inputPaths = (
				"${SRCROOT}/Pods/Target Support Files/Pods-FerqoIOS/Pods-FerqoIOS-frameworks.sh",
				"${BUILT_PRODUCTS_DIR}/CryptoSwift/CryptoSwift.framework",
				"${BUILT_PRODUCTS_DIR}/RxCocoa/RxCocoa.framework",
				"${BUILT_PRODUCTS_DIR}/RxSwift/RxSwift.framework",
				"${BUILT_PRODUCTS_DIR}/SnapKit/SnapKit.framework",
			);
			name = "[CP] Embed Pods Frameworks";
			outputPaths = (
				"${TARGET_BUILD_DIR}/${FRAMEWORKS_FOLDER_PATH}/CryptoSwift.framework",
				"${TARGET_BUILD_DIR}/${FRAMEWORKS_FOLDER_PATH}/RxCocoa.framework",
				"${TARGET_BUILD_DIR}/${FRAMEWORKS_FOLDER_PATH}/RxSwift.framework",
				"${TARGET_BUILD_DIR}/${FRAMEWORKS_FOLDER_PATH}/SnapKit.framework",
			);
			runOnlyForDeploymentPostprocessing = 0;
			shellPath = /bin/sh;
			shellScript = "\"${SRCROOT}/Pods/Target Support Files/Pods-FerqoIOS/Pods-FerqoIOS-frameworks.sh\"\n";
			showEnvVarsInLog = 0;
		};
		A37C2BEE35A42A88E877F20C /* [CP] Check Pods Manifest.lock */ = {
			isa = PBXShellScriptBuildPhase;
			buildActionMask = 2147483647;
			files = (
			);
			inputPaths = (
				"${PODS_PODFILE_DIR_PATH}/Podfile.lock",
				"${PODS_ROOT}/Manifest.lock",
			);
			name = "[CP] Check Pods Manifest.lock";
			outputPaths = (
				"$(DERIVED_FILE_DIR)/Pods-FerqoIOSUITests-checkManifestLockResult.txt",
			);
			runOnlyForDeploymentPostprocessing = 0;
			shellPath = /bin/sh;
			shellScript = "diff \"${PODS_PODFILE_DIR_PATH}/Podfile.lock\" \"${PODS_ROOT}/Manifest.lock\" > /dev/null\nif [ $? != 0 ] ; then\n    # print error to STDERR\n    echo \"error: The sandbox is not in sync with the Podfile.lock. Run 'pod install' or update your CocoaPods installation.\" >&2\n    exit 1\nfi\n# This output is used by Xcode 'outputs' to avoid re-running this script phase.\necho \"SUCCESS\" > \"${SCRIPT_OUTPUT_FILE_0}\"\n";
			showEnvVarsInLog = 0;
		};
		CE97440B642FBB244491F1F8 /* [CP] Check Pods Manifest.lock */ = {
			isa = PBXShellScriptBuildPhase;
			buildActionMask = 2147483647;
			files = (
			);
			inputPaths = (
				"${PODS_PODFILE_DIR_PATH}/Podfile.lock",
				"${PODS_ROOT}/Manifest.lock",
			);
			name = "[CP] Check Pods Manifest.lock";
			outputPaths = (
				"$(DERIVED_FILE_DIR)/Pods-FerqoIOSTests-checkManifestLockResult.txt",
			);
			runOnlyForDeploymentPostprocessing = 0;
			shellPath = /bin/sh;
			shellScript = "diff \"${PODS_PODFILE_DIR_PATH}/Podfile.lock\" \"${PODS_ROOT}/Manifest.lock\" > /dev/null\nif [ $? != 0 ] ; then\n    # print error to STDERR\n    echo \"error: The sandbox is not in sync with the Podfile.lock. Run 'pod install' or update your CocoaPods installation.\" >&2\n    exit 1\nfi\n# This output is used by Xcode 'outputs' to avoid re-running this script phase.\necho \"SUCCESS\" > \"${SCRIPT_OUTPUT_FILE_0}\"\n";
			showEnvVarsInLog = 0;
		};
/* End PBXShellScriptBuildPhase section */

/* Begin PBXSourcesBuildPhase section */
		01C8DE0A21906E0600F0A63C /* Sources */ = {
			isa = PBXSourcesBuildPhase;
			buildActionMask = 2147483647;
			files = (
				589705E4219DB41A005609E2 /* Coordinator.swift in Sources */,
				58539D6E21B1C119004596B1 /* CurtainDeviceController.swift in Sources */,
				589705FE219F25C0005609E2 /* MainViewController.swift in Sources */,
				58970606219F2EAA005609E2 /* MenuTableViewController.swift in Sources */,
				581ACBFB21B43E0F000BA23E /* MainSlideDataType.swift in Sources */,
				010F8AAF21A8531D00D682F9 /* IntroCoordinator.swift in Sources */,
				58F28A5221B042C40034BA60 /* ControlSlider.swift in Sources */,
				5897061221A0A23C005609E2 /* MainDataType.swift in Sources */,
				58F28A4A21AF0DAF0034BA60 /* UIButton.swift in Sources */,
				5846E95C21BBBE6C005EACB9 /* InterPhoneModel.swift in Sources */,
				01C8DE1221906E0600F0A63C /* AppDelegate.swift in Sources */,
				58F28A5521B054220034BA60 /* ShaderView.swift in Sources */,
				5808A2CB21A5A20900883BE5 /* MainSlideViewModel.swift in Sources */,
				01C8DE53219079E000F0A63C /* LoginViewController.swift in Sources */,
				5808A2C921A4750E00883BE5 /* MainSlideViewController.swift in Sources */,
				01C8DE1A21906E0600F0A63C /* FerqoIOS.xcdatamodeld in Sources */,
				58539D7221B1CE97004596B1 /* LightDeviceController.swift in Sources */,
				5833BFF721BCB777008AF3F1 /* CameraListViewController.swift in Sources */,
				016E84E021A3F844001E69A3 /* UITextField.swift in Sources */,
				58F28A5021B02CD70034BA60 /* UIImage.swift in Sources */,
				5846E95421B94E12005EACB9 /* SensorViewDataType.swift in Sources */,
				58F28A4C21AF1B180034BA60 /* ShadowRectButton.swift in Sources */,
				58F28A4821AEEB910034BA60 /* ProjectorDeviceController.swift in Sources */,
				581ACC0621B4B5F5000BA23E /* SensorViewController.swift in Sources */,
				581ACC0821B4BF5E000BA23E /* SensorViewModel.swift in Sources */,
				016E84E621A51277001E69A3 /* LoginViewModel.swift in Sources */,
				010F8AA721A845E500D682F9 /* IntroViewController.swift in Sources */,
				589705E9219DB718005609E2 /* SplashCoordinator.swift in Sources */,
				58F28A4E21B025090034BA60 /* TVDeviceController.swift in Sources */,
				5808A2CD21A5A58600883BE5 /* UIView.swift in Sources */,
				5833BFF921BCBDC2008AF3F1 /* CameraCell.swift in Sources */,
				58F28A5721B059900034BA60 /* DeviceControllerViews.swift in Sources */,
				581ACC0B21B4C64C000BA23E /* SensorViewCell.swift in Sources */,
				01C8DE5521907A0900F0A63C /* Config.swift in Sources */,
				010F8AB221A8538600D682F9 /* IntroViewModel.swift in Sources */,
				589705E6219DB4A4005609E2 /* AppCoordinator.swift in Sources */,
				5846E95A21BBBCCB005EACB9 /* UITableViewCell.swift in Sources */,
				5897060B219F48C1005609E2 /* Nib.swift in Sources */,
				58539D7421B1D1C9004596B1 /* AirconditionDeviceController.swift in Sources */,
				5846E95E21BBD559005EACB9 /* InterPhoneType.swift in Sources */,
				589705F8219DDD4E005609E2 /* MainCoordinator.swift in Sources */,
				5846E96321BC265D005EACB9 /* CameraViews.swift in Sources */,
				5808A2C721A457E900883BE5 /* TabViewCollection.swift in Sources */,
				589705EC219DB886005609E2 /* SplashViewController.swift in Sources */,
				5897060D219F5646005609E2 /* MenuTableViewModel.swift in Sources */,
				5833BFF521BC49A1008AF3F1 /* CameraControWithInterPhonelViewModel.swift in Sources */,
				589705FA219DEB51005609E2 /* SplashViewModel.swift in Sources */,
				5833BFFD21BD40F0008AF3F1 /* CameraListViewModel.swift in Sources */,
				5846E95621BBB823005EACB9 /* InterphoneViewController.swift in Sources */,
				58F28A3D21AD8E2B0034BA60 /* SectionViews.swift in Sources */,
				58970610219F6491005609E2 /* MenuDataType.swift in Sources */,
				5833BFFB21BCC008008AF3F1 /* UICollectionViewCell.swift in Sources */,
				5846E95821BBB9E1005EACB9 /* InterPhoneCell.swift in Sources */,
				58970600219F2667005609E2 /* MainViewModel.swift in Sources */,
				5846E96021BC248C005EACB9 /* CameraControlViewController.swift in Sources */,
				016E84E321A51104001E69A3 /* LoginCoordinator.swift in Sources */,
				581ACBFF21B4A48B000BA23E /* SituationButton.swift in Sources */,
			);
			runOnlyForDeploymentPostprocessing = 0;
		};
		01C8DE2121906E0700F0A63C /* Sources */ = {
			isa = PBXSourcesBuildPhase;
			buildActionMask = 2147483647;
			files = (
				01C8DE2A21906E0700F0A63C /* FerqoIOSTests.swift in Sources */,
			);
			runOnlyForDeploymentPostprocessing = 0;
		};
		01C8DE2C21906E0700F0A63C /* Sources */ = {
			isa = PBXSourcesBuildPhase;
			buildActionMask = 2147483647;
			files = (
				01C8DE3521906E0700F0A63C /* FerqoIOSUITests.swift in Sources */,
			);
			runOnlyForDeploymentPostprocessing = 0;
		};
/* End PBXSourcesBuildPhase section */

/* Begin PBXTargetDependency section */
		01C8DE2721906E0700F0A63C /* PBXTargetDependency */ = {
			isa = PBXTargetDependency;
			target = 01C8DE0D21906E0600F0A63C /* FerqoIOS */;
			targetProxy = 01C8DE2621906E0700F0A63C /* PBXContainerItemProxy */;
		};
		01C8DE3221906E0700F0A63C /* PBXTargetDependency */ = {
			isa = PBXTargetDependency;
			target = 01C8DE0D21906E0600F0A63C /* FerqoIOS */;
			targetProxy = 01C8DE3121906E0700F0A63C /* PBXContainerItemProxy */;
		};
/* End PBXTargetDependency section */

/* Begin PBXVariantGroup section */
		01C8DE1D21906E0700F0A63C /* LaunchScreen.storyboard */ = {
			isa = PBXVariantGroup;
			children = (
				01C8DE1E21906E0700F0A63C /* Base */,
			);
			name = LaunchScreen.storyboard;
			sourceTree = "<group>";
		};
/* End PBXVariantGroup section */

/* Begin XCBuildConfiguration section */
		01C8DE3721906E0700F0A63C /* Debug */ = {
			isa = XCBuildConfiguration;
			buildSettings = {
				ALWAYS_SEARCH_USER_PATHS = NO;
				CLANG_ANALYZER_NONNULL = YES;
				CLANG_ANALYZER_NUMBER_OBJECT_CONVERSION = YES_AGGRESSIVE;
				CLANG_CXX_LANGUAGE_STANDARD = "gnu++14";
				CLANG_CXX_LIBRARY = "libc++";
				CLANG_ENABLE_MODULES = YES;
				CLANG_ENABLE_OBJC_ARC = YES;
				CLANG_ENABLE_OBJC_WEAK = YES;
				CLANG_WARN_BLOCK_CAPTURE_AUTORELEASING = YES;
				CLANG_WARN_BOOL_CONVERSION = YES;
				CLANG_WARN_COMMA = YES;
				CLANG_WARN_CONSTANT_CONVERSION = YES;
				CLANG_WARN_DEPRECATED_OBJC_IMPLEMENTATIONS = YES;
				CLANG_WARN_DIRECT_OBJC_ISA_USAGE = YES_ERROR;
				CLANG_WARN_DOCUMENTATION_COMMENTS = YES;
				CLANG_WARN_EMPTY_BODY = YES;
				CLANG_WARN_ENUM_CONVERSION = YES;
				CLANG_WARN_INFINITE_RECURSION = YES;
				CLANG_WARN_INT_CONVERSION = YES;
				CLANG_WARN_NON_LITERAL_NULL_CONVERSION = YES;
				CLANG_WARN_OBJC_IMPLICIT_RETAIN_SELF = YES;
				CLANG_WARN_OBJC_LITERAL_CONVERSION = YES;
				CLANG_WARN_OBJC_ROOT_CLASS = YES_ERROR;
				CLANG_WARN_RANGE_LOOP_ANALYSIS = YES;
				CLANG_WARN_STRICT_PROTOTYPES = YES;
				CLANG_WARN_SUSPICIOUS_MOVE = YES;
				CLANG_WARN_UNGUARDED_AVAILABILITY = YES_AGGRESSIVE;
				CLANG_WARN_UNREACHABLE_CODE = YES;
				CLANG_WARN__DUPLICATE_METHOD_MATCH = YES;
				CODE_SIGN_IDENTITY = "iPhone Developer";
				COPY_PHASE_STRIP = NO;
				DEBUG_INFORMATION_FORMAT = dwarf;
				ENABLE_STRICT_OBJC_MSGSEND = YES;
				ENABLE_TESTABILITY = YES;
				GCC_C_LANGUAGE_STANDARD = gnu11;
				GCC_DYNAMIC_NO_PIC = NO;
				GCC_NO_COMMON_BLOCKS = YES;
				GCC_OPTIMIZATION_LEVEL = 0;
				GCC_PREPROCESSOR_DEFINITIONS = (
					"DEBUG=1",
					"$(inherited)",
				);
				GCC_WARN_64_TO_32_BIT_CONVERSION = YES;
				GCC_WARN_ABOUT_RETURN_TYPE = YES_ERROR;
				GCC_WARN_UNDECLARED_SELECTOR = YES;
				GCC_WARN_UNINITIALIZED_AUTOS = YES_AGGRESSIVE;
				GCC_WARN_UNUSED_FUNCTION = YES;
				GCC_WARN_UNUSED_VARIABLE = YES;
				IPHONEOS_DEPLOYMENT_TARGET = 11.4;
				MTL_ENABLE_DEBUG_INFO = YES;
				ONLY_ACTIVE_ARCH = YES;
				SDKROOT = iphoneos;
				SWIFT_ACTIVE_COMPILATION_CONDITIONS = DEBUG;
				SWIFT_OPTIMIZATION_LEVEL = "-Onone";
			};
			name = Debug;
		};
		01C8DE3821906E0700F0A63C /* Release */ = {
			isa = XCBuildConfiguration;
			buildSettings = {
				ALWAYS_SEARCH_USER_PATHS = NO;
				CLANG_ANALYZER_NONNULL = YES;
				CLANG_ANALYZER_NUMBER_OBJECT_CONVERSION = YES_AGGRESSIVE;
				CLANG_CXX_LANGUAGE_STANDARD = "gnu++14";
				CLANG_CXX_LIBRARY = "libc++";
				CLANG_ENABLE_MODULES = YES;
				CLANG_ENABLE_OBJC_ARC = YES;
				CLANG_ENABLE_OBJC_WEAK = YES;
				CLANG_WARN_BLOCK_CAPTURE_AUTORELEASING = YES;
				CLANG_WARN_BOOL_CONVERSION = YES;
				CLANG_WARN_COMMA = YES;
				CLANG_WARN_CONSTANT_CONVERSION = YES;
				CLANG_WARN_DEPRECATED_OBJC_IMPLEMENTATIONS = YES;
				CLANG_WARN_DIRECT_OBJC_ISA_USAGE = YES_ERROR;
				CLANG_WARN_DOCUMENTATION_COMMENTS = YES;
				CLANG_WARN_EMPTY_BODY = YES;
				CLANG_WARN_ENUM_CONVERSION = YES;
				CLANG_WARN_INFINITE_RECURSION = YES;
				CLANG_WARN_INT_CONVERSION = YES;
				CLANG_WARN_NON_LITERAL_NULL_CONVERSION = YES;
				CLANG_WARN_OBJC_IMPLICIT_RETAIN_SELF = YES;
				CLANG_WARN_OBJC_LITERAL_CONVERSION = YES;
				CLANG_WARN_OBJC_ROOT_CLASS = YES_ERROR;
				CLANG_WARN_RANGE_LOOP_ANALYSIS = YES;
				CLANG_WARN_STRICT_PROTOTYPES = YES;
				CLANG_WARN_SUSPICIOUS_MOVE = YES;
				CLANG_WARN_UNGUARDED_AVAILABILITY = YES_AGGRESSIVE;
				CLANG_WARN_UNREACHABLE_CODE = YES;
				CLANG_WARN__DUPLICATE_METHOD_MATCH = YES;
				CODE_SIGN_IDENTITY = "iPhone Developer";
				COPY_PHASE_STRIP = NO;
				DEBUG_INFORMATION_FORMAT = "dwarf-with-dsym";
				ENABLE_NS_ASSERTIONS = NO;
				ENABLE_STRICT_OBJC_MSGSEND = YES;
				GCC_C_LANGUAGE_STANDARD = gnu11;
				GCC_NO_COMMON_BLOCKS = YES;
				GCC_WARN_64_TO_32_BIT_CONVERSION = YES;
				GCC_WARN_ABOUT_RETURN_TYPE = YES_ERROR;
				GCC_WARN_UNDECLARED_SELECTOR = YES;
				GCC_WARN_UNINITIALIZED_AUTOS = YES_AGGRESSIVE;
				GCC_WARN_UNUSED_FUNCTION = YES;
				GCC_WARN_UNUSED_VARIABLE = YES;
				IPHONEOS_DEPLOYMENT_TARGET = 11.4;
				MTL_ENABLE_DEBUG_INFO = NO;
				SDKROOT = iphoneos;
				SWIFT_COMPILATION_MODE = wholemodule;
				SWIFT_OPTIMIZATION_LEVEL = "-O";
				VALIDATE_PRODUCT = YES;
			};
			name = Release;
		};
		01C8DE3A21906E0700F0A63C /* Debug */ = {
			isa = XCBuildConfiguration;
			baseConfigurationReference = 181FC9C93405E9F8BDC3CCCB /* Pods-FerqoIOS.debug.xcconfig */;
			buildSettings = {
				ASSETCATALOG_COMPILER_APPICON_NAME = AppIcon;
				CODE_SIGN_STYLE = Automatic;
				DEVELOPMENT_TEAM = CKW9QRWSRZ;
				INFOPLIST_FILE = FerqoIOS/Info.plist;
				IPHONEOS_DEPLOYMENT_TARGET = 11.0;
				LD_RUNPATH_SEARCH_PATHS = (
					"$(inherited)",
					"@executable_path/Frameworks",
				);
				PRODUCT_BUNDLE_IDENTIFIER = com.dev.FerqoIOS;
				PRODUCT_NAME = "$(TARGET_NAME)";
				SWIFT_VERSION = 4.2;
				TARGETED_DEVICE_FAMILY = "1,2";
			};
			name = Debug;
		};
		01C8DE3B21906E0700F0A63C /* Release */ = {
			isa = XCBuildConfiguration;
			baseConfigurationReference = 35BD7F6F2B22D321251106E3 /* Pods-FerqoIOS.release.xcconfig */;
			buildSettings = {
				ASSETCATALOG_COMPILER_APPICON_NAME = AppIcon;
				CODE_SIGN_STYLE = Automatic;
				DEVELOPMENT_TEAM = CKW9QRWSRZ;
				INFOPLIST_FILE = FerqoIOS/Info.plist;
				IPHONEOS_DEPLOYMENT_TARGET = 11.0;
				LD_RUNPATH_SEARCH_PATHS = (
					"$(inherited)",
					"@executable_path/Frameworks",
				);
				PRODUCT_BUNDLE_IDENTIFIER = com.dev.FerqoIOS;
				PRODUCT_NAME = "$(TARGET_NAME)";
				SWIFT_VERSION = 4.2;
				TARGETED_DEVICE_FAMILY = "1,2";
			};
			name = Release;
		};
		01C8DE3D21906E0700F0A63C /* Debug */ = {
			isa = XCBuildConfiguration;
			baseConfigurationReference = 65CCA47944CA27532274EB65 /* Pods-FerqoIOSTests.debug.xcconfig */;
			buildSettings = {
				ALWAYS_EMBED_SWIFT_STANDARD_LIBRARIES = YES;
				BUNDLE_LOADER = "$(TEST_HOST)";
				CODE_SIGN_STYLE = Automatic;
				INFOPLIST_FILE = FerqoIOSTests/Info.plist;
				LD_RUNPATH_SEARCH_PATHS = (
					"$(inherited)",
					"@executable_path/Frameworks",
					"@loader_path/Frameworks",
				);
				PRODUCT_BUNDLE_IDENTIFIER = com.dev.FerqoIOSTests;
				PRODUCT_NAME = "$(TARGET_NAME)";
				SWIFT_VERSION = 4.2;
				TARGETED_DEVICE_FAMILY = "1,2";
				TEST_HOST = "$(BUILT_PRODUCTS_DIR)/FerqoIOS.app/FerqoIOS";
			};
			name = Debug;
		};
		01C8DE3E21906E0700F0A63C /* Release */ = {
			isa = XCBuildConfiguration;
			baseConfigurationReference = E2A24088EE9A635F57E4C348 /* Pods-FerqoIOSTests.release.xcconfig */;
			buildSettings = {
				ALWAYS_EMBED_SWIFT_STANDARD_LIBRARIES = YES;
				BUNDLE_LOADER = "$(TEST_HOST)";
				CODE_SIGN_STYLE = Automatic;
				INFOPLIST_FILE = FerqoIOSTests/Info.plist;
				LD_RUNPATH_SEARCH_PATHS = (
					"$(inherited)",
					"@executable_path/Frameworks",
					"@loader_path/Frameworks",
				);
				PRODUCT_BUNDLE_IDENTIFIER = com.dev.FerqoIOSTests;
				PRODUCT_NAME = "$(TARGET_NAME)";
				SWIFT_VERSION = 4.2;
				TARGETED_DEVICE_FAMILY = "1,2";
				TEST_HOST = "$(BUILT_PRODUCTS_DIR)/FerqoIOS.app/FerqoIOS";
			};
			name = Release;
		};
		01C8DE4021906E0700F0A63C /* Debug */ = {
			isa = XCBuildConfiguration;
			baseConfigurationReference = D5B3C332986B62B53AE9AD92 /* Pods-FerqoIOSUITests.debug.xcconfig */;
			buildSettings = {
				ALWAYS_EMBED_SWIFT_STANDARD_LIBRARIES = YES;
				CODE_SIGN_STYLE = Automatic;
				INFOPLIST_FILE = FerqoIOSUITests/Info.plist;
				LD_RUNPATH_SEARCH_PATHS = (
					"$(inherited)",
					"@executable_path/Frameworks",
					"@loader_path/Frameworks",
				);
				PRODUCT_BUNDLE_IDENTIFIER = com.dev.FerqoIOSUITests;
				PRODUCT_NAME = "$(TARGET_NAME)";
				SWIFT_VERSION = 4.2;
				TARGETED_DEVICE_FAMILY = "1,2";
				TEST_TARGET_NAME = FerqoIOS;
			};
			name = Debug;
		};
		01C8DE4121906E0700F0A63C /* Release */ = {
			isa = XCBuildConfiguration;
			baseConfigurationReference = A688F5140BE307762E131F6A /* Pods-FerqoIOSUITests.release.xcconfig */;
			buildSettings = {
				ALWAYS_EMBED_SWIFT_STANDARD_LIBRARIES = YES;
				CODE_SIGN_STYLE = Automatic;
				INFOPLIST_FILE = FerqoIOSUITests/Info.plist;
				LD_RUNPATH_SEARCH_PATHS = (
					"$(inherited)",
					"@executable_path/Frameworks",
					"@loader_path/Frameworks",
				);
				PRODUCT_BUNDLE_IDENTIFIER = com.dev.FerqoIOSUITests;
				PRODUCT_NAME = "$(TARGET_NAME)";
				SWIFT_VERSION = 4.2;
				TARGETED_DEVICE_FAMILY = "1,2";
				TEST_TARGET_NAME = FerqoIOS;
			};
			name = Release;
		};
/* End XCBuildConfiguration section */

/* Begin XCConfigurationList section */
		01C8DE0921906E0600F0A63C /* Build configuration list for PBXProject "FerqoIOS" */ = {
			isa = XCConfigurationList;
			buildConfigurations = (
				01C8DE3721906E0700F0A63C /* Debug */,
				01C8DE3821906E0700F0A63C /* Release */,
			);
			defaultConfigurationIsVisible = 0;
			defaultConfigurationName = Release;
		};
		01C8DE3921906E0700F0A63C /* Build configuration list for PBXNativeTarget "FerqoIOS" */ = {
			isa = XCConfigurationList;
			buildConfigurations = (
				01C8DE3A21906E0700F0A63C /* Debug */,
				01C8DE3B21906E0700F0A63C /* Release */,
			);
			defaultConfigurationIsVisible = 0;
			defaultConfigurationName = Release;
		};
		01C8DE3C21906E0700F0A63C /* Build configuration list for PBXNativeTarget "FerqoIOSTests" */ = {
			isa = XCConfigurationList;
			buildConfigurations = (
				01C8DE3D21906E0700F0A63C /* Debug */,
				01C8DE3E21906E0700F0A63C /* Release */,
			);
			defaultConfigurationIsVisible = 0;
			defaultConfigurationName = Release;
		};
		01C8DE3F21906E0700F0A63C /* Build configuration list for PBXNativeTarget "FerqoIOSUITests" */ = {
			isa = XCConfigurationList;
			buildConfigurations = (
				01C8DE4021906E0700F0A63C /* Debug */,
				01C8DE4121906E0700F0A63C /* Release */,
			);
			defaultConfigurationIsVisible = 0;
			defaultConfigurationName = Release;
		};
/* End XCConfigurationList section */

/* Begin XCVersionGroup section */
		01C8DE1821906E0600F0A63C /* FerqoIOS.xcdatamodeld */ = {
			isa = XCVersionGroup;
			children = (
				01C8DE1921906E0600F0A63C /* FerqoIOS.xcdatamodel */,
			);
			currentVersion = 01C8DE1921906E0600F0A63C /* FerqoIOS.xcdatamodel */;
			path = FerqoIOS.xcdatamodeld;
			sourceTree = "<group>";
			versionGroupType = wrapper.xcdatamodel;
		};
/* End XCVersionGroup section */
	};
	rootObject = 01C8DE0621906E0600F0A63C /* Project object */;
}
